
Microsoft Visual Studio Solution File, Format Version 12.00
# Visual Studio Version 17
VisualStudioVersion = 17.7.34024.191
MinimumVisualStudioVersion = 10.0.40219.1
Project("{FAE04EC0-301F-11D3-BF4B-00C04F79EFBC}") = "ind2", "ind2\ind2.csproj", "{BB88BD00-26DF-4AE0-AF9E-D40B7FEAE486}"
EndProject
Global
	GlobalSection(SolutionConfigurationPlatforms) = preSolution
		Debug|Any CPU = Debug|Any CPU
		Release|Any CPU = Release|Any CPU
	EndGlobalSection
	GlobalSection(ProjectConfigurationPlatforms) = postSolution
		{BB88BD00-26DF-4AE0-AF9E-D40B7FEAE486}.Debug|Any CPU.ActiveCfg = Debug|Any CPU
		{BB88BD00-26DF-4AE0-AF9E-D40B7FEAE486}.Debug|Any CPU.Build.0 = Debug|Any CPU
		{BB88BD00-26DF-4AE0-AF9E-D40B7FEAE486}.Release|Any CPU.ActiveCfg = Release|Any CPU
		{BB88BD00-26DF-4AE0-AF9E-D40B7FEAE486}.Release|Any CPU.Build.0 = Release|Any CPU
	EndGlobalSection
	GlobalSection(SolutionProperties) = preSolution
		HideSolutionNode = FALSE
	EndGlobalSection
	GlobalSection(ExtensibilityGlobals) = postSolution
		SolutionGuid = {88474DD6-221E-43EB-B491-BA74E207E1DC}
	EndGlobalSection
EndGlobal
